
Microsoft Visual Studio Solution File, Format Version 12.00
# Visual Studio Version 16
VisualStudioVersion = 16.0.28917.182
MinimumVisualStudioVersion = 10.0.40219.1
Project("{9A19103F-16F7-4668-BE54-9A1E7A4F7556}") = "MusicCat", "src/MusicCat/MusicCat.csproj", "{2EE85DEE-17D4-4EA4-BA9D-0CDE42BD4ECF}"
EndProject
Project("{9A19103F-16F7-4668-BE54-9A1E7A4F7556}") = "MusicCat-Console", "src/MusicCat-Console/MusicCat-Console.csproj", "{DE9596FE-3FBE-4A77-A816-C3A8B09D5AA4}"
EndProject
Project("{FAE04EC0-301F-11D3-BF4B-00C04F79EFBC}") = "MusicCat.Service", "src/MusicCat.Service/MusicCat.Service.csproj", "{0FD1B77C-4A15-40D5-9E58-A9671E4E5B1E}"
EndProject
Project("{FAE04EC0-301F-11D3-BF4B-00C04F79EFBC}") = "MusicCat.WebService", "src/MusicCat.WebService/MusicCat.WebService.csproj", "{40F5F921-8542-48E1-A3B0-18DC3D4B2E01}"
EndProject
Global
	GlobalSection(SolutionConfigurationPlatforms) = preSolution
		Debug|Any CPU = Debug|Any CPU
		Release|Any CPU = Release|Any CPU
	EndGlobalSection
	GlobalSection(ProjectConfigurationPlatforms) = postSolution
		{2EE85DEE-17D4-4EA4-BA9D-0CDE42BD4ECF}.Debug|Any CPU.ActiveCfg = Debug|Any CPU
		{2EE85DEE-17D4-4EA4-BA9D-0CDE42BD4ECF}.Debug|Any CPU.Build.0 = Debug|Any CPU
		{2EE85DEE-17D4-4EA4-BA9D-0CDE42BD4ECF}.Release|Any CPU.ActiveCfg = Release|Any CPU
		{2EE85DEE-17D4-4EA4-BA9D-0CDE42BD4ECF}.Release|Any CPU.Build.0 = Release|Any CPU
		{DE9596FE-3FBE-4A77-A816-C3A8B09D5AA4}.Debug|Any CPU.ActiveCfg = Debug|Any CPU
		{DE9596FE-3FBE-4A77-A816-C3A8B09D5AA4}.Debug|Any CPU.Build.0 = Debug|Any CPU
		{DE9596FE-3FBE-4A77-A816-C3A8B09D5AA4}.Release|Any CPU.ActiveCfg = Release|Any CPU
		{DE9596FE-3FBE-4A77-A816-C3A8B09D5AA4}.Release|Any CPU.Build.0 = Release|Any CPU
		{0FD1B77C-4A15-40D5-9E58-A9671E4E5B1E}.Debug|Any CPU.ActiveCfg = Debug|Any CPU
		{0FD1B77C-4A15-40D5-9E58-A9671E4E5B1E}.Debug|Any CPU.Build.0 = Debug|Any CPU
		{0FD1B77C-4A15-40D5-9E58-A9671E4E5B1E}.Release|Any CPU.ActiveCfg = Release|Any CPU
		{0FD1B77C-4A15-40D5-9E58-A9671E4E5B1E}.Release|Any CPU.Build.0 = Release|Any CPU
		{40F5F921-8542-48E1-A3B0-18DC3D4B2E01}.Debug|Any CPU.ActiveCfg = Debug|Any CPU
		{40F5F921-8542-48E1-A3B0-18DC3D4B2E01}.Debug|Any CPU.Build.0 = Debug|Any CPU
		{40F5F921-8542-48E1-A3B0-18DC3D4B2E01}.Release|Any CPU.ActiveCfg = Release|Any CPU
		{40F5F921-8542-48E1-A3B0-18DC3D4B2E01}.Release|Any CPU.Build.0 = Release|Any CPU
	EndGlobalSection
	GlobalSection(SolutionProperties) = preSolution
		HideSolutionNode = FALSE
	EndGlobalSection
	GlobalSection(ExtensibilityGlobals) = postSolution
		SolutionGuid = {52AA73D5-BA1C-4404-956E-D1C7A69232CC}
	EndGlobalSection
EndGlobal
